
Microsoft Visual Studio Solution File, Format Version 12.00
# Visual Studio Version 16
VisualStudioVersion = 16.0.32407.337
MinimumVisualStudioVersion = 10.0.40219.1
Project("{8BC9CEB8-8B4A-11D0-8D11-00A0C91BC942}") = "overlay", "overlay\overlay.vcxproj", "{52A02357-DC0A-42DB-8874-381B1FCD746E}"
EndProject
Global
	GlobalSection(SolutionConfigurationPlatforms) = preSolution
		Debug|x64 = Debug|x64
		Debug|x86 = Debug|x86
		Release|x64 = Release|x64
		Release|x86 = Release|x86
	EndGlobalSection
	GlobalSection(ProjectConfigurationPlatforms) = postSolution
		{52A02357-DC0A-42DB-8874-381B1FCD746E}.Debug|x64.ActiveCfg = Debug|x64
		{52A02357-DC0A-42DB-8874-381B1FCD746E}.Debug|x64.Build.0 = Debug|x64
		{52A02357-DC0A-42DB-8874-381B1FCD746E}.Debug|x86.ActiveCfg = Debug|Win32
		{52A02357-DC0A-42DB-8874-381B1FCD746E}.Debug|x86.Build.0 = Debug|Win32
		{52A02357-DC0A-42DB-8874-381B1FCD746E}.Release|x64.ActiveCfg = Release|x64
		{52A02357-DC0A-42DB-8874-381B1FCD746E}.Release|x64.Build.0 = Release|x64
		{52A02357-DC0A-42DB-8874-381B1FCD746E}.Release|x86.ActiveCfg = Release|Win32
		{52A02357-DC0A-42DB-8874-381B1FCD746E}.Release|x86.Build.0 = Release|Win32
	EndGlobalSection
	GlobalSection(SolutionProperties) = preSolution
		HideSolutionNode = FALSE
	EndGlobalSection
	GlobalSection(ExtensibilityGlobals) = postSolution
		SolutionGuid = {E5EA4E68-E5D7-4AC7-9D62-8B3822BCC553}
	EndGlobalSection
EndGlobal
